PODS:
  - Carbon (0.3.0):
    - DifferenceKit/Core (~> 1.1)
  - DifferenceKit/Core (1.3.0)

DEPENDENCIES:
  - Carbon

SPEC REPOS:
  trunk:
    - Carbon
    - DifferenceKit

SPEC CHECKSUMS:
  Carbon: 184148b60fddb7d069a9d35a02e12b20f44aa7a8
  DifferenceKit: ab185c4d7f9cef8af3fcf593e5b387fb81e999ca

PODFILE CHECKSUM: 6ae96bb62d21d7935fc074865609b42356bbf839

COCOAPODS: 1.12.1
