// !$*UTF8*$!
{
	archiveVersion = 1;
	classes = {
	};
	objectVersion = 56;
	objects = {

/* Begin PBXBuildFile section */
		1B34010754834BF6EE27F271 /* Pods_JRAcademyChallenge.framework in Frameworks */ = {isa = PBXBuildFile; fileRef = 078D446CCED92A4B2CDB48D1 /* Pods_JRAcademyChallenge.framework */; };
		EB055F922A28BA6E0038FA00 /* Service.swift in Sources */ = {isa = PBXBuildFile; fileRef = EB055F912A28BA6E0038FA00 /* Service.swift */; };
		EB055F952A28C0130038FA00 /* GameHomeViewModel.swift in Sources */ = {isa = PBXBuildFile; fileRef = EB055F942A28C0130038FA00 /* GameHomeViewModel.swift */; };
		EB177A622A278D390025E100 /* GameView.swift in Sources */ = {isa = PBXBuildFile; fileRef = EB177A612A278D390025E100 /* GameView.swift */; };
		EB177A642A278D720025E100 /* GameHomeViewController.swift in Sources */ = {isa = PBXBuildFile; fileRef = EB177A632A278D720025E100 /* GameHomeViewController.swift */; };
		EB177A662A2887630025E100 /* GameModel.swift in Sources */ = {isa = PBXBuildFile; fileRef = EB177A652A2887630025E100 /* GameModel.swift */; };
		EB1AA7CF2A2CC83800817C15 /* TabBar.swift in Sources */ = {isa = PBXBuildFile; fileRef = EB1AA7CE2A2CC83800817C15 /* TabBar.swift */; };
		EB1AA7D12A2CC91D00817C15 /* ViewController.swift in Sources */ = {isa = PBXBuildFile; fileRef = EB1AA7D02A2CC91D00817C15 /* ViewController.swift */; };
		EB1AA7D72A2CCEA800817C15 /* FavoritesViewController.swift in Sources */ = {isa = PBXBuildFile; fileRef = EB1AA7D62A2CCEA800817C15 /* FavoritesViewController.swift */; };
		EBBC5EE62A260D80009E6A60 /* AppDelegate.swift in Sources */ = {isa = PBXBuildFile; fileRef = EBBC5EE52A260D80009E6A60 /* AppDelegate.swift */; };
		EBBC5EE82A260D80009E6A60 /* SceneDelegate.swift in Sources */ = {isa = PBXBuildFile; fileRef = EBBC5EE72A260D80009E6A60 /* SceneDelegate.swift */; };
		EBBC5EEF2A260D81009E6A60 /* Assets.xcassets in Resources */ = {isa = PBXBuildFile; fileRef = EBBC5EEE2A260D81009E6A60 /* Assets.xcassets */; };
		EBBC5EF22A260D81009E6A60 /* LaunchScreen.storyboard in Resources */ = {isa = PBXBuildFile; fileRef = EBBC5EF02A260D81009E6A60 /* LaunchScreen.storyboard */; };
/* End PBXBuildFile section */

/* Begin PBXFileReference section */
		078D446CCED92A4B2CDB48D1 /* Pods_JRAcademyChallenge.framework */ = {isa = PBXFileReference; explicitFileType = wrapper.framework; includeInIndex = 0; path = Pods_JRAcademyChallenge.framework; sourceTree = BUILT_PRODUCTS_DIR; };
		84F3E44D21AE2F5F4E556A40 /* Pods-JRAcademyChallenge.release.xcconfig */ = {isa = PBXFileReference; includeInIndex = 1; lastKnownFileType = text.xcconfig; name = "Pods-JRAcademyChallenge.release.xcconfig"; path = "Target Support Files/Pods-JRAcademyChallenge/Pods-JRAcademyChallenge.release.xcconfig"; sourceTree = "<group>"; };
		DF763DC5273EDD242DCF2624 /* Pods-JRAcademyChallenge.debug.xcconfig */ = {isa = PBXFileReference; includeInIndex = 1; lastKnownFileType = text.xcconfig; name = "Pods-JRAcademyChallenge.debug.xcconfig"; path = "Target Support Files/Pods-JRAcademyChallenge/Pods-JRAcademyChallenge.debug.xcconfig"; sourceTree = "<group>"; };
		EB055F912A28BA6E0038FA00 /* Service.swift */ = {isa = PBXFileReference; lastKnownFileType = sourcecode.swift; path = Service.swift; sourceTree = "<group>"; };
		EB055F942A28C0130038FA00 /* GameHomeViewModel.swift */ = {isa = PBXFileReference; lastKnownFileType = sourcecode.swift; path = GameHomeViewModel.swift; sourceTree = "<group>"; };
		EB177A612A278D390025E100 /* GameView.swift */ = {isa = PBXFileReference; lastKnownFileType = sourcecode.swift; path = GameView.swift; sourceTree = "<group>"; };
		EB177A632A278D720025E100 /* GameHomeViewController.swift */ = {isa = PBXFileReference; lastKnownFileType = sourcecode.swift; path = GameHomeViewController.swift; sourceTree = "<group>"; };
		EB177A652A2887630025E100 /* GameModel.swift */ = {isa = PBXFileReference; lastKnownFileType = sourcecode.swift; path = GameModel.swift; sourceTree = "<group>"; };
		EB1AA7CE2A2CC83800817C15 /* TabBar.swift */ = {isa = PBXFileReference; lastKnownFileType = sourcecode.swift; path = TabBar.swift; sourceTree = "<group>"; };
		EB1AA7D02A2CC91D00817C15 /* ViewController.swift */ = {isa = PBXFileReference; lastKnownFileType = sourcecode.swift; path = ViewController.swift; sourceTree = "<group>"; };
		EB1AA7D62A2CCEA800817C15 /* FavoritesViewController.swift */ = {isa = PBXFileReference; lastKnownFileType = sourcecode.swift; path = FavoritesViewController.swift; sourceTree = "<group>"; };
		EBBC5EE22A260D80009E6A60 /* JRAcademyChallenge.app */ = {isa = PBXFileReference; explicitFileType = wrapper.application; includeInIndex = 0; path = JRAcademyChallenge.app; sourceTree = BUILT_PRODUCTS_DIR; };
		EBBC5EE52A260D80009E6A60 /* AppDelegate.swift */ = {isa = PBXFileReference; lastKnownFileType = sourcecode.swift; path = AppDelegate.swift; sourceTree = "<group>"; };
		EBBC5EE72A260D80009E6A60 /* SceneDelegate.swift */ = {isa = PBXFileReference; lastKnownFileType = sourcecode.swift; path = SceneDelegate.swift; sourceTree = "<group>"; };
		EBBC5EEE2A260D81009E6A60 /* Assets.xcassets */ = {isa = PBXFileReference; lastKnownFileType = folder.assetcatalog; path = Assets.xcassets; sourceTree = "<group>"; };
		EBBC5EF12A260D81009E6A60 /* Base */ = {isa = PBXFileReference; lastKnownFileType = file.storyboard; name = Base; path = Base.lproj/LaunchScreen.storyboard; sourceTree = "<group>"; };
		EBBC5EF32A260D81009E6A60 /* Info.plist */ = {isa = PBXFileReference; lastKnownFileType = text.plist.xml; path = Info.plist; sourceTree = "<group>"; };
/* End PBXFileReference section */

/* Begin PBXFrameworksBuildPhase section */
		EBBC5EDF2A260D80009E6A60 /* Frameworks */ = {
			isa = PBXFrameworksBuildPhase;
			buildActionMask = 2147483647;
			files = (
				1B34010754834BF6EE27F271 /* Pods_JRAcademyChallenge.framework in Frameworks */,
			);
			runOnlyForDeploymentPostprocessing = 0;
		};
/* End PBXFrameworksBuildPhase section */

/* Begin PBXGroup section */
		700D6D3B6749FA71592A2999 /* Frameworks */ = {
			isa = PBXGroup;
			children = (
				078D446CCED92A4B2CDB48D1 /* Pods_JRAcademyChallenge.framework */,
			);
			name = Frameworks;
			sourceTree = "<group>";
		};
		84AC8363BE38C2800821CAD4 /* Pods */ = {
			isa = PBXGroup;
			children = (
				DF763DC5273EDD242DCF2624 /* Pods-JRAcademyChallenge.debug.xcconfig */,
				84F3E44D21AE2F5F4E556A40 /* Pods-JRAcademyChallenge.release.xcconfig */,
			);
			path = Pods;
			sourceTree = "<group>";
		};
		EB1AA7D42A2CCE8900817C15 /* GamesHome */ = {
			isa = PBXGroup;
			children = (
				EB177A612A278D390025E100 /* GameView.swift */,
				EB177A632A278D720025E100 /* GameHomeViewController.swift */,
				EB055F942A28C0130038FA00 /* GameHomeViewModel.swift */,
				EB177A652A2887630025E100 /* GameModel.swift */,
			);
			path = GamesHome;
			sourceTree = "<group>";
		};
		EB1AA7D52A2CCE9800817C15 /* Favorites */ = {
			isa = PBXGroup;
			children = (
				EB1AA7D62A2CCEA800817C15 /* FavoritesViewController.swift */,
			);
			path = Favorites;
			sourceTree = "<group>";
		};
		EBBC5ED92A260D80009E6A60 = {
			isa = PBXGroup;
			children = (
				EBBC5EE42A260D80009E6A60 /* JRAcademyChallenge */,
				EBBC5EE32A260D80009E6A60 /* Products */,
				84AC8363BE38C2800821CAD4 /* Pods */,
				700D6D3B6749FA71592A2999 /* Frameworks */,
			);
			sourceTree = "<group>";
		};
		EBBC5EE32A260D80009E6A60 /* Products */ = {
			isa = PBXGroup;
			children = (
				EBBC5EE22A260D80009E6A60 /* JRAcademyChallenge.app */,
			);
			name = Products;
			sourceTree = "<group>";
		};
		EBBC5EE42A260D80009E6A60 /* JRAcademyChallenge */ = {
			isa = PBXGroup;
			children = (
				EB1AA7D52A2CCE9800817C15 /* Favorites */,
				EB1AA7D42A2CCE8900817C15 /* GamesHome */,
				EBBC5EE52A260D80009E6A60 /* AppDelegate.swift */,
				EBBC5EE72A260D80009E6A60 /* SceneDelegate.swift */,
				EBBC5EEE2A260D81009E6A60 /* Assets.xcassets */,
				EBBC5EF02A260D81009E6A60 /* LaunchScreen.storyboard */,
				EBBC5EF32A260D81009E6A60 /* Info.plist */,
				EB055F912A28BA6E0038FA00 /* Service.swift */,
				EB1AA7CE2A2CC83800817C15 /* TabBar.swift */,
				EB1AA7D02A2CC91D00817C15 /* ViewController.swift */,
			);
			path = JRAcademyChallenge;
			sourceTree = "<group>";
		};
/* End PBXGroup section */

/* Begin PBXNativeTarget section */
		EBBC5EE12A260D80009E6A60 /* JRAcademyChallenge */ = {
			isa = PBXNativeTarget;
			buildConfigurationList = EBBC5EF62A260D81009E6A60 /* Build configuration list for PBXNativeTarget "JRAcademyChallenge" */;
			buildPhases = (
				D8430342586CD3AD80C7C0F0 /* [CP] Check Pods Manifest.lock */,
				EBBC5EDE2A260D80009E6A60 /* Sources */,
				EBBC5EDF2A260D80009E6A60 /* Frameworks */,
				EBBC5EE02A260D80009E6A60 /* Resources */,
				367442CEDA999E6225538EC1 /* [CP] Embed Pods Frameworks */,
			);
			buildRules = (
			);
			dependencies = (
			);
			name = JRAcademyChallenge;
			productName = JRAcademyChallenge;
			productReference = EBBC5EE22A260D80009E6A60 /* JRAcademyChallenge.app */;
			productType = "com.apple.product-type.application";
		};
/* End PBXNativeTarget section */

/* Begin PBXProject section */
		EBBC5EDA2A260D80009E6A60 /* Project object */ = {
			isa = PBXProject;
			attributes = {
				BuildIndependentTargetsInParallel = 1;
				LastSwiftUpdateCheck = 1430;
				LastUpgradeCheck = 1430;
				TargetAttributes = {
					EBBC5EE12A260D80009E6A60 = {
						CreatedOnToolsVersion = 14.3;
					};
				};
			};
			buildConfigurationList = EBBC5EDD2A260D80009E6A60 /* Build configuration list for PBXProject "JRAcademyChallenge" */;
			compatibilityVersion = "Xcode 14.0";
			developmentRegion = en;
			hasScannedForEncodings = 0;
			knownRegions = (
				en,
				Base,
			);
			mainGroup = EBBC5ED92A260D80009E6A60;
			productRefGroup = EBBC5EE32A260D80009E6A60 /* Products */;
			projectDirPath = "";
			projectRoot = "";
			targets = (
				EBBC5EE12A260D80009E6A60 /* JRAcademyChallenge */,
			);
		};
/* End PBXProject section */

/* Begin PBXResourcesBuildPhase section */
		EBBC5EE02A260D80009E6A60 /* Resources */ = {
			isa = PBXResourcesBuildPhase;
			buildActionMask = 2147483647;
			files = (
				EBBC5EF22A260D81009E6A60 /* LaunchScreen.storyboard in Resources */,
				EBBC5EEF2A260D81009E6A60 /* Assets.xcassets in Resources */,
			);
			runOnlyForDeploymentPostprocessing = 0;
		};
/* End PBXResourcesBuildPhase section */

/* Begin PBXShellScriptBuildPhase section */
		367442CEDA999E6225538EC1 /* [CP] Embed Pods Frameworks */ = {
			isa = PBXShellScriptBuildPhase;
			buildActionMask = 2147483647;
			files = (
			);
			inputFileListPaths = (
				"${PODS_ROOT}/Target Support Files/Pods-JRAcademyChallenge/Pods-JRAcademyChallenge-frameworks-${CONFIGURATION}-input-files.xcfilelist",
			);
			name = "[CP] Embed Pods Frameworks";
			outputFileListPaths = (
				"${PODS_ROOT}/Target Support Files/Pods-JRAcademyChallenge/Pods-JRAcademyChallenge-frameworks-${CONFIGURATION}-output-files.xcfilelist",
			);
			runOnlyForDeploymentPostprocessing = 0;
			shellPath = /bin/sh;
			shellScript = "\"${PODS_ROOT}/Target Support Files/Pods-JRAcademyChallenge/Pods-JRAcademyChallenge-frameworks.sh\"\n";
			showEnvVarsInLog = 0;
		};
		D8430342586CD3AD80C7C0F0 /* [CP] Check Pods Manifest.lock */ = {
			isa = PBXShellScriptBuildPhase;
			buildActionMask = 2147483647;
			files = (
			);
			inputFileListPaths = (
			);
			inputPaths = (
				"${PODS_PODFILE_DIR_PATH}/Podfile.lock",
				"${PODS_ROOT}/Manifest.lock",
			);
			name = "[CP] Check Pods Manifest.lock";
			outputFileListPaths = (
			);
			outputPaths = (
				"$(DERIVED_FILE_DIR)/Pods-JRAcademyChallenge-checkManifestLockResult.txt",
			);
			runOnlyForDeploymentPostprocessing = 0;
			shellPath = /bin/sh;
			shellScript = "diff \"${PODS_PODFILE_DIR_PATH}/Podfile.lock\" \"${PODS_ROOT}/Manifest.lock\" > /dev/null\nif [ $? != 0 ] ; then\n    # print error to STDERR\n    echo \"error: The sandbox is not in sync with the Podfile.lock. Run 'pod install' or update your CocoaPods installation.\" >&2\n    exit 1\nfi\n# This output is used by Xcode 'outputs' to avoid re-running this script phase.\necho \"SUCCESS\" > \"${SCRIPT_OUTPUT_FILE_0}\"\n";
			showEnvVarsInLog = 0;
		};
/* End PBXShellScriptBuildPhase section */

/* Begin PBXSourcesBuildPhase section */
		EBBC5EDE2A260D80009E6A60 /* Sources */ = {
			isa = PBXSourcesBuildPhase;
			buildActionMask = 2147483647;
			files = (
				EB177A642A278D720025E100 /* GameHomeViewController.swift in Sources */,
				EB055F952A28C0130038FA00 /* GameHomeViewModel.swift in Sources */,
				EB055F922A28BA6E0038FA00 /* Service.swift in Sources */,
				EB1AA7D12A2CC91D00817C15 /* ViewController.swift in Sources */,
				EB1AA7CF2A2CC83800817C15 /* TabBar.swift in Sources */,
				EBBC5EE62A260D80009E6A60 /* AppDelegate.swift in Sources */,
				EB177A622A278D390025E100 /* GameView.swift in Sources */,
				EBBC5EE82A260D80009E6A60 /* SceneDelegate.swift in Sources */,
				EB1AA7D72A2CCEA800817C15 /* FavoritesViewController.swift in Sources */,
				EB177A662A2887630025E100 /* GameModel.swift in Sources */,
			);
			runOnlyForDeploymentPostprocessing = 0;
		};
/* End PBXSourcesBuildPhase section */

/* Begin PBXVariantGroup section */
		EBBC5EF02A260D81009E6A60 /* LaunchScreen.storyboard */ = {
			isa = PBXVariantGroup;
			children = (
				EBBC5EF12A260D81009E6A60 /* Base */,
			);
			name = LaunchScreen.storyboard;
			sourceTree = "<group>";
		};
/* End PBXVariantGroup section */

/* Begin XCBuildConfiguration section */
		EBBC5EF42A260D81009E6A60 /* Debug */ = {
			isa = XCBuildConfiguration;
			buildSettings = {
				ALWAYS_SEARCH_USER_PATHS = NO;
				CLANG_ANALYZER_NONNULL = YES;
				CLANG_ANALYZER_NUMBER_OBJECT_CONVERSION = YES_AGGRESSIVE;
				CLANG_CXX_LANGUAGE_STANDARD = "gnu++20";
				CLANG_ENABLE_MODULES = YES;
				CLANG_ENABLE_OBJC_ARC = YES;
				CLANG_ENABLE_OBJC_WEAK = YES;
				CLANG_WARN_BLOCK_CAPTURE_AUTORELEASING = YES;
				CLANG_WARN_BOOL_CONVERSION = YES;
				CLANG_WARN_COMMA = YES;
				CLANG_WARN_CONSTANT_CONVERSION = YES;
				CLANG_WARN_DEPRECATED_OBJC_IMPLEMENTATIONS = YES;
				CLANG_WARN_DIRECT_OBJC_ISA_USAGE = YES_ERROR;
				CLANG_WARN_DOCUMENTATION_COMMENTS = YES;
				CLANG_WARN_EMPTY_BODY = YES;
				CLANG_WARN_ENUM_CONVERSION = YES;
				CLANG_WARN_INFINITE_RECURSION = YES;
				CLANG_WARN_INT_CONVERSION = YES;
				CLANG_WARN_NON_LITERAL_NULL_CONVERSION = YES;
				CLANG_WARN_OBJC_IMPLICIT_RETAIN_SELF = YES;
				CLANG_WARN_OBJC_LITERAL_CONVERSION = YES;
				CLANG_WARN_OBJC_ROOT_CLASS = YES_ERROR;
				CLANG_WARN_QUOTED_INCLUDE_IN_FRAMEWORK_HEADER = YES;
				CLANG_WARN_RANGE_LOOP_ANALYSIS = YES;
				CLANG_WARN_STRICT_PROTOTYPES = YES;
				CLANG_WARN_SUSPICIOUS_MOVE = YES;
				CLANG_WARN_UNGUARDED_AVAILABILITY = YES_AGGRESSIVE;
				CLANG_WARN_UNREACHABLE_CODE = YES;
				CLANG_WARN__DUPLICATE_METHOD_MATCH = YES;
				COPY_PHASE_STRIP = NO;
				DEBUG_INFORMATION_FORMAT = dwarf;
				ENABLE_STRICT_OBJC_MSGSEND = YES;
				ENABLE_TESTABILITY = YES;
				GCC_C_LANGUAGE_STANDARD = gnu11;
				GCC_DYNAMIC_NO_PIC = NO;
				GCC_NO_COMMON_BLOCKS = YES;
				GCC_OPTIMIZATION_LEVEL = 0;
				GCC_PREPROCESSOR_DEFINITIONS = (
					"DEBUG=1",
					"$(inherited)",
				);
				GCC_WARN_64_TO_32_BIT_CONVERSION = YES;
				GCC_WARN_ABOUT_RETURN_TYPE = YES_ERROR;
				GCC_WARN_UNDECLARED_SELECTOR = YES;
				GCC_WARN_UNINITIALIZED_AUTOS = YES_AGGRESSIVE;
				GCC_WARN_UNUSED_FUNCTION = YES;
				GCC_WARN_UNUSED_VARIABLE = YES;
				IPHONEOS_DEPLOYMENT_TARGET = 16.4;
				MTL_ENABLE_DEBUG_INFO = INCLUDE_SOURCE;
				MTL_FAST_MATH = YES;
				ONLY_ACTIVE_ARCH = YES;
				SDKROOT = iphoneos;
				SWIFT_ACTIVE_COMPILATION_CONDITIONS = DEBUG;
				SWIFT_OPTIMIZATION_LEVEL = "-Onone";
			};
			name = Debug;
		};
		EBBC5EF52A260D81009E6A60 /* Release */ = {
			isa = XCBuildConfiguration;
			buildSettings = {
				ALWAYS_SEARCH_USER_PATHS = NO;
				CLANG_ANALYZER_NONNULL = YES;
				CLANG_ANALYZER_NUMBER_OBJECT_CONVERSION = YES_AGGRESSIVE;
				CLANG_CXX_LANGUAGE_STANDARD = "gnu++20";
				CLANG_ENABLE_MODULES = YES;
				CLANG_ENABLE_OBJC_ARC = YES;
				CLANG_ENABLE_OBJC_WEAK = YES;
				CLANG_WARN_BLOCK_CAPTURE_AUTORELEASING = YES;
				CLANG_WARN_BOOL_CONVERSION = YES;
				CLANG_WARN_COMMA = YES;
				CLANG_WARN_CONSTANT_CONVERSION = YES;
				CLANG_WARN_DEPRECATED_OBJC_IMPLEMENTATIONS = YES;
				CLANG_WARN_DIRECT_OBJC_ISA_USAGE = YES_ERROR;
				CLANG_WARN_DOCUMENTATION_COMMENTS = YES;
				CLANG_WARN_EMPTY_BODY = YES;
				CLANG_WARN_ENUM_CONVERSION = YES;
				CLANG_WARN_INFINITE_RECURSION = YES;
				CLANG_WARN_INT_CONVERSION = YES;
				CLANG_WARN_NON_LITERAL_NULL_CONVERSION = YES;
				CLANG_WARN_OBJC_IMPLICIT_RETAIN_SELF = YES;
				CLANG_WARN_OBJC_LITERAL_CONVERSION = YES;
				CLANG_WARN_OBJC_ROOT_CLASS = YES_ERROR;
				CLANG_WARN_QUOTED_INCLUDE_IN_FRAMEWORK_HEADER = YES;
				CLANG_WARN_RANGE_LOOP_ANALYSIS = YES;
				CLANG_WARN_STRICT_PROTOTYPES = YES;
				CLANG_WARN_SUSPICIOUS_MOVE = YES;
				CLANG_WARN_UNGUARDED_AVAILABILITY = YES_AGGRESSIVE;
				CLANG_WARN_UNREACHABLE_CODE = YES;
				CLANG_WARN__DUPLICATE_METHOD_MATCH = YES;
				COPY_PHASE_STRIP = NO;
				DEBUG_INFORMATION_FORMAT = "dwarf-with-dsym";
				ENABLE_NS_ASSERTIONS = NO;
				ENABLE_STRICT_OBJC_MSGSEND = YES;
				GCC_C_LANGUAGE_STANDARD = gnu11;
				GCC_NO_COMMON_BLOCKS = YES;
				GCC_WARN_64_TO_32_BIT_CONVERSION = YES;
				GCC_WARN_ABOUT_RETURN_TYPE = YES_ERROR;
				GCC_WARN_UNDECLARED_SELECTOR = YES;
				GCC_WARN_UNINITIALIZED_AUTOS = YES_AGGRESSIVE;
				GCC_WARN_UNUSED_FUNCTION = YES;
				GCC_WARN_UNUSED_VARIABLE = YES;
				IPHONEOS_DEPLOYMENT_TARGET = 16.4;
				MTL_ENABLE_DEBUG_INFO = NO;
				MTL_FAST_MATH = YES;
				SDKROOT = iphoneos;
				SWIFT_COMPILATION_MODE = wholemodule;
				SWIFT_OPTIMIZATION_LEVEL = "-O";
				VALIDATE_PRODUCT = YES;
			};
			name = Release;
		};
		EBBC5EF72A260D81009E6A60 /* Debug */ = {
			isa = XCBuildConfiguration;
			baseConfigurationReference = DF763DC5273EDD242DCF2624 /* Pods-JRAcademyChallenge.debug.xcconfig */;
			buildSettings = {
				ASSETCATALOG_COMPILER_APPICON_NAME = AppIcon;
				ASSETCATALOG_COMPILER_GLOBAL_ACCENT_COLOR_NAME = AccentColor;
				CODE_SIGN_STYLE = Automatic;
				CURRENT_PROJECT_VERSION = 1;
				DEVELOPMENT_TEAM = 33WKNABTGL;
				GENERATE_INFOPLIST_FILE = YES;
				INFOPLIST_FILE = JRAcademyChallenge/Info.plist;
				INFOPLIST_KEY_UIApplicationSupportsIndirectInputEvents = YES;
				INFOPLIST_KEY_UILaunchStoryboardName = LaunchScreen;
				INFOPLIST_KEY_UISupportedInterfaceOrientations_iPad = "UIInterfaceOrientationPortrait UIInterfaceOrientationPortraitUpsideDown UIInterfaceOrientationLandscapeLeft UIInterfaceOrientationLandscapeRight";
				INFOPLIST_KEY_UISupportedInterfaceOrientations_iPhone = "UIInterfaceOrientationPortrait UIInterfaceOrientationLandscapeLeft UIInterfaceOrientationLandscapeRight";
				LD_RUNPATH_SEARCH_PATHS = (
					"$(inherited)",
					"@executable_path/Frameworks",
				);
				MARKETING_VERSION = 1.0;
				PRODUCT_BUNDLE_IDENTIFIER = furkan.JRAcademyChallenge;
				PRODUCT_NAME = "$(TARGET_NAME)";
				SWIFT_EMIT_LOC_STRINGS = YES;
				SWIFT_VERSION = 5.0;
				TARGETED_DEVICE_FAMILY = "1,2";
			};
			name = Debug;
		};
		EBBC5EF82A260D81009E6A60 /* Release */ = {
			isa = XCBuildConfiguration;
			baseConfigurationReference = 84F3E44D21AE2F5F4E556A40 /* Pods-JRAcademyChallenge.release.xcconfig */;
			buildSettings = {
				ASSETCATALOG_COMPILER_APPICON_NAME = AppIcon;
				ASSETCATALOG_COMPILER_GLOBAL_ACCENT_COLOR_NAME = AccentColor;
				CODE_SIGN_STYLE = Automatic;
				CURRENT_PROJECT_VERSION = 1;
				DEVELOPMENT_TEAM = 33WKNABTGL;
				GENERATE_INFOPLIST_FILE = YES;
				INFOPLIST_FILE = JRAcademyChallenge/Info.plist;
				INFOPLIST_KEY_UIApplicationSupportsIndirectInputEvents = YES;
				INFOPLIST_KEY_UILaunchStoryboardName = LaunchScreen;
				INFOPLIST_KEY_UISupportedInterfaceOrientations_iPad = "UIInterfaceOrientationPortrait UIInterfaceOrientationPortraitUpsideDown UIInterfaceOrientationLandscapeLeft UIInterfaceOrientationLandscapeRight";
				INFOPLIST_KEY_UISupportedInterfaceOrientations_iPhone = "UIInterfaceOrientationPortrait UIInterfaceOrientationLandscapeLeft UIInterfaceOrientationLandscapeRight";
				LD_RUNPATH_SEARCH_PATHS = (
					"$(inherited)",
					"@executable_path/Frameworks",
				);
				MARKETING_VERSION = 1.0;
				PRODUCT_BUNDLE_IDENTIFIER = furkan.JRAcademyChallenge;
				PRODUCT_NAME = "$(TARGET_NAME)";
				SWIFT_EMIT_LOC_STRINGS = YES;
				SWIFT_VERSION = 5.0;
				TARGETED_DEVICE_FAMILY = "1,2";
			};
			name = Release;
		};
/* End XCBuildConfiguration section */

/* Begin XCConfigurationList section */
		EBBC5EDD2A260D80009E6A60 /* Build configuration list for PBXProject "JRAcademyChallenge" */ = {
			isa = XCConfigurationList;
			buildConfigurations = (
				EBBC5EF42A260D81009E6A60 /* Debug */,
				EBBC5EF52A260D81009E6A60 /* Release */,
			);
			defaultConfigurationIsVisible = 0;
			defaultConfigurationName = Release;
		};
		EBBC5EF62A260D81009E6A60 /* Build configuration list for PBXNativeTarget "JRAcademyChallenge" */ = {
			isa = XCConfigurationList;
			buildConfigurations = (
				EBBC5EF72A260D81009E6A60 /* Debug */,
				EBBC5EF82A260D81009E6A60 /* Release */,
			);
			defaultConfigurationIsVisible = 0;
			defaultConfigurationName = Release;
		};
/* End XCConfigurationList section */
	};
	rootObject = EBBC5EDA2A260D80009E6A60 /* Project object */;
}
